
Microsoft Visual Studio Solution File, Format Version 12.00
# Visual Studio Version 16
VisualStudioVersion = 16.0.31702.278
MinimumVisualStudioVersion = 10.0.40219.1
Project("{FAE04EC0-301F-11D3-BF4B-00C04F79EFBC}") = "HotelBookApplication", "HotelBookApplication\HotelBookApplication.csproj", "{3E618322-C3F8-4E5C-9E89-C5A1F396B8B2}"
EndProject
Project("{00D1A9C2-B5F0-4AF3-8072-F6C62B433612}") = "HotelBookingApplicationDataBase", "HotelBookingApplicationDataBase\HotelBookingApplicationDataBase.sqlproj", "{D4BF4553-8274-42F3-A4E9-2826486C84F5}"
EndProject
Global
	GlobalSection(SolutionConfigurationPlatforms) = preSolution
		Debug|Any CPU = Debug|Any CPU
		Release|Any CPU = Release|Any CPU
	EndGlobalSection
	GlobalSection(ProjectConfigurationPlatforms) = postSolution
		{3E618322-C3F8-4E5C-9E89-C5A1F396B8B2}.Debug|Any CPU.ActiveCfg = Debug|Any CPU
		{3E618322-C3F8-4E5C-9E89-C5A1F396B8B2}.Debug|Any CPU.Build.0 = Debug|Any CPU
		{3E618322-C3F8-4E5C-9E89-C5A1F396B8B2}.Release|Any CPU.ActiveCfg = Release|Any CPU
		{3E618322-C3F8-4E5C-9E89-C5A1F396B8B2}.Release|Any CPU.Build.0 = Release|Any CPU
		{D4BF4553-8274-42F3-A4E9-2826486C84F5}.Debug|Any CPU.ActiveCfg = Debug|Any CPU
		{D4BF4553-8274-42F3-A4E9-2826486C84F5}.Debug|Any CPU.Build.0 = Debug|Any CPU
		{D4BF4553-8274-42F3-A4E9-2826486C84F5}.Debug|Any CPU.Deploy.0 = Debug|Any CPU
		{D4BF4553-8274-42F3-A4E9-2826486C84F5}.Release|Any CPU.ActiveCfg = Release|Any CPU
		{D4BF4553-8274-42F3-A4E9-2826486C84F5}.Release|Any CPU.Build.0 = Release|Any CPU
		{D4BF4553-8274-42F3-A4E9-2826486C84F5}.Release|Any CPU.Deploy.0 = Release|Any CPU
	EndGlobalSection
	GlobalSection(SolutionProperties) = preSolution
		HideSolutionNode = FALSE
	EndGlobalSection
	GlobalSection(ExtensibilityGlobals) = postSolution
		SolutionGuid = {95B86086-0F16-4380-B751-A04509311ED7}
	EndGlobalSection
EndGlobal
